{
    "_readme": [
        "This file locks the dependencies of your project to a known state",
        "Read more about it at https://getcomposer.org/doc/01-basic-usage.md#installing-dependencies",
        "This file is @generated automatically"
    ],
    "content-hash": "2b3cb28ae1e1d5ab91095f4b4891d952",
    "packages": [],
    "packages-dev": [
        {
            "name": "php-parallel-lint/php-var-dump-check",
            "version": "v0.5",
            "source": {
                "type": "git",
                "url": "https://github.com/php-parallel-lint/PHP-Var-Dump-Check.git",
                "reference": "8b880e559a2ab38b091d650f1a36caf161444c0c"
            },
            "dist": {
                "type": "zip",
                "url": "https://api.github.com/repos/php-parallel-lint/PHP-Var-Dump-Check/zipball/8b880e559a2ab38b091d650f1a36caf161444c0c",
                "reference": "8b880e559a2ab38b091d650f1a36caf161444c0c",
                "shasum": ""
            },
            "require": {
                "php": ">=5.4.0"
            },
            "replace": {
                "jakub-onderka/php-var-dump-check": "*"
            },
            "require-dev": {
                "php-parallel-lint/php-parallel-lint": "^1.0",
                "phpunit/phpunit": "^4.8.36"
            },
            "suggest": {
                "php-parallel-lint/php-console-highlighter": "For colored console output"
            },
            "bin": [
                "var-dump-check"
            ],
            "type": "library",
            "autoload": {
                "psr-4": {
                    "JakubOnderka\\PhpVarDumpCheck\\": "src/"
                }
            },
            "notification-url": "https://packagist.org/downloads/",
            "license": [
                "BSD-2-Clause"
            ],
            "authors": [
                {
                    "name": "Jakub Onderka",
                    "email": "jakub.onderka@gmail.com"
                }
            ],
            "description": "Find forgotten variables dump in PHP source code.",
            "support": {
                "issues": "https://github.com/php-parallel-lint/PHP-Var-Dump-Check/issues",
                "source": "https://github.com/php-parallel-lint/PHP-Var-Dump-Check/tree/master"
            },
            "time": "2020-08-17T12:12:52+00:00"
        }
    ],
    "aliases": [],
    "minimum-stability": "stable",
    "stability-flags": {},
    "prefer-stable": false,
    "prefer-lowest": false,
    "platform": {
        "ext-gd": "*",
        "ext-pdo": "*"
    },
    "platform-dev": {},
    "plugin-api-version": "2.6.0"
}
